
Microsoft Visual Studio Solution File, Format Version 12.00
# Visual Studio 15
VisualStudioVersion = 15.0.28307.136
MinimumVisualStudioVersion = 10.0.40219.1
Project("{FAE04EC0-301F-11D3-BF4B-00C04F79EFBC}") = "RomanNumberConverter.Console", "src\RomanNumberConverter.Console\RomanNumberConverter.Console.csproj", "{B7E5B521-935C-4092-8DC9-39A6EC764BB9}"
EndProject
Project("{FAE04EC0-301F-11D3-BF4B-00C04F79EFBC}") = "RomanNumberConverter.Tests", "tests\RomanNumberConverter.Tests\RomanNumberConverter.Tests\RomanNumberConverter.Tests.csproj", "{447C275D-2F58-4A47-9C0B-11F9E5CE4CCF}"
EndProject
Global
	GlobalSection(SolutionConfigurationPlatforms) = preSolution
		Debug|Any CPU = Debug|Any CPU
		Release|Any CPU = Release|Any CPU
	EndGlobalSection
	GlobalSection(ProjectConfigurationPlatforms) = postSolution
		{B7E5B521-935C-4092-8DC9-39A6EC764BB9}.Debug|Any CPU.ActiveCfg = Debug|Any CPU
		{B7E5B521-935C-4092-8DC9-39A6EC764BB9}.Debug|Any CPU.Build.0 = Debug|Any CPU
		{B7E5B521-935C-4092-8DC9-39A6EC764BB9}.Release|Any CPU.ActiveCfg = Release|Any CPU
		{B7E5B521-935C-4092-8DC9-39A6EC764BB9}.Release|Any CPU.Build.0 = Release|Any CPU
		{447C275D-2F58-4A47-9C0B-11F9E5CE4CCF}.Debug|Any CPU.ActiveCfg = Debug|Any CPU
		{447C275D-2F58-4A47-9C0B-11F9E5CE4CCF}.Debug|Any CPU.Build.0 = Debug|Any CPU
		{447C275D-2F58-4A47-9C0B-11F9E5CE4CCF}.Release|Any CPU.ActiveCfg = Release|Any CPU
		{447C275D-2F58-4A47-9C0B-11F9E5CE4CCF}.Release|Any CPU.Build.0 = Release|Any CPU
	EndGlobalSection
	GlobalSection(SolutionProperties) = preSolution
		HideSolutionNode = FALSE
	EndGlobalSection
	GlobalSection(ExtensibilityGlobals) = postSolution
		SolutionGuid = {EF8E0E30-BF85-498B-9839-58A2E2743CE2}
	EndGlobalSection
EndGlobal
